{
  "nodes": {
    "nixpkgs": {
      "locked": {
        "lastModified": 1755027561,
        "narHash": "sha256-IVft239Bc8p8Dtvf7UAACMG5P3ZV+3/aO28gXpGtMXI=",
        "owner": "nixos",
        "repo": "nixpkgs",
        "rev": "005433b926e16227259a1843015b5b2b7f7d1fc3",
        "type": "github"
      },
      "original": {
        "owner": "nixos",
        "ref": "nixos-unstable",
        "repo": "nixpkgs",
        "type": "github"
      }
    },
    "root": {
      "inputs": {
        "trivnixLib": "trivnixLib"
      }
    },
    "trivnixLib": {
      "inputs": {
        "nixpkgs": "nixpkgs"
      },
      "locked": {
        "lastModified": 1758782853,
        "narHash": "sha256-fxVCXm57sS/tIbrQukNJNQLZRDuoOwJd8FlWrmq6zrs=",
        "owner": "Trivaris",
        "repo": "TrivnixLib",
        "rev": "62e08f202142ce5ab869c7ee217a4bb7f8d550d5",
        "type": "github"
      },
      "original": {
        "owner": "Trivaris",
        "repo": "TrivnixLib",
        "type": "github"
      }
    }
  },
  "root": "root",
  "version": 7
}
